
Microsoft Visual Studio Solution File, Format Version 12.00
# Visual Studio Version 17
VisualStudioVersion = 17.5.002.0
MinimumVisualStudioVersion = 10.0.40219.1
Project("{9A19103F-16F7-4668-BE54-9A1E7A4F7556}") = "http_status", "http_status\http_status.csproj", "{B12C9FB7-3136-4922-B03D-2F528EE9685D}"
EndProject
Project("{2150E333-8FDC-42A3-9474-1A3956D46DE8}") = "sales_tax_calc", "sales_tax_calc", "{68F0D847-5CCF-4F2E-9DDE-EDFD64066F2E}"
EndProject
Project("{9A19103F-16F7-4668-BE54-9A1E7A4F7556}") = "sales_tax_calc.cs", "sales_tax_calc\sales_tax_calc.cs\sales_tax_calc.cs.csproj", "{C21765EA-DCEC-4B51-A949-92EF717287C7}"
EndProject
Global
	GlobalSection(SolutionConfigurationPlatforms) = preSolution
		Debug|Any CPU = Debug|Any CPU
		Release|Any CPU = Release|Any CPU
	EndGlobalSection
	GlobalSection(ProjectConfigurationPlatforms) = postSolution
		{B12C9FB7-3136-4922-B03D-2F528EE9685D}.Debug|Any CPU.ActiveCfg = Debug|Any CPU
		{B12C9FB7-3136-4922-B03D-2F528EE9685D}.Debug|Any CPU.Build.0 = Debug|Any CPU
		{B12C9FB7-3136-4922-B03D-2F528EE9685D}.Release|Any CPU.ActiveCfg = Release|Any CPU
		{B12C9FB7-3136-4922-B03D-2F528EE9685D}.Release|Any CPU.Build.0 = Release|Any CPU
		{C21765EA-DCEC-4B51-A949-92EF717287C7}.Debug|Any CPU.ActiveCfg = Debug|Any CPU
		{C21765EA-DCEC-4B51-A949-92EF717287C7}.Debug|Any CPU.Build.0 = Debug|Any CPU
		{C21765EA-DCEC-4B51-A949-92EF717287C7}.Release|Any CPU.ActiveCfg = Release|Any CPU
		{C21765EA-DCEC-4B51-A949-92EF717287C7}.Release|Any CPU.Build.0 = Release|Any CPU
	EndGlobalSection
	GlobalSection(SolutionProperties) = preSolution
		HideSolutionNode = FALSE
	EndGlobalSection
	GlobalSection(NestedProjects) = preSolution
		{C21765EA-DCEC-4B51-A949-92EF717287C7} = {68F0D847-5CCF-4F2E-9DDE-EDFD64066F2E}
	EndGlobalSection
	GlobalSection(ExtensibilityGlobals) = postSolution
		SolutionGuid = {2CFA4853-3EF2-443D-A2C3-B89047B3E457}
	EndGlobalSection
EndGlobal
